
Microsoft Visual Studio Solution File, Format Version 12.00
# Visual Studio Version 16
VisualStudioVersion = 16.0.30907.101
MinimumVisualStudioVersion = 10.0.40219.1
Project("{9092AA53-FB77-4645-B42D-1CCCA6BD08BD}") = "BasicSite", "BasicSite\BasicSite.njsproj", "{228CED12-B108-4F38-B4FB-2C89A199C5A6}"
EndProject
Global
	GlobalSection(SolutionConfigurationPlatforms) = preSolution
		Debug|Any CPU = Debug|Any CPU
		Release|Any CPU = Release|Any CPU
	EndGlobalSection
	GlobalSection(ProjectConfigurationPlatforms) = postSolution
		{228CED12-B108-4F38-B4FB-2C89A199C5A6}.Debug|Any CPU.ActiveCfg = Debug|Any CPU
		{228CED12-B108-4F38-B4FB-2C89A199C5A6}.Debug|Any CPU.Build.0 = Debug|Any CPU
		{228CED12-B108-4F38-B4FB-2C89A199C5A6}.Release|Any CPU.ActiveCfg = Release|Any CPU
		{228CED12-B108-4F38-B4FB-2C89A199C5A6}.Release|Any CPU.Build.0 = Release|Any CPU
	EndGlobalSection
	GlobalSection(SolutionProperties) = preSolution
		HideSolutionNode = FALSE
	EndGlobalSection
	GlobalSection(ExtensibilityGlobals) = postSolution
		SolutionGuid = {AA9DFCA5-FCE4-45F7-BAD9-0B9F3A3D05AF}
	EndGlobalSection
EndGlobal
